
Microsoft Visual Studio Solution File, Format Version 12.00
# Visual Studio Version 16
VisualStudioVersion = 16.0.29001.49
MinimumVisualStudioVersion = 10.0.40219.1
Project("{FAE04EC0-301F-11D3-BF4B-00C04F79EFBC}") = "TMApp", "TMApp\TMApp.csproj", "{1F5F4686-E1D3-4AFA-89FE-4EDA19B290E7}"
EndProject
Global
	GlobalSection(SolutionConfigurationPlatforms) = preSolution
		Debug|Any CPU = Debug|Any CPU
		Release|Any CPU = Release|Any CPU
	EndGlobalSection
	GlobalSection(ProjectConfigurationPlatforms) = postSolution
		{1F5F4686-E1D3-4AFA-89FE-4EDA19B290E7}.Debug|Any CPU.ActiveCfg = Debug|Any CPU
		{1F5F4686-E1D3-4AFA-89FE-4EDA19B290E7}.Debug|Any CPU.Build.0 = Debug|Any CPU
		{1F5F4686-E1D3-4AFA-89FE-4EDA19B290E7}.Release|Any CPU.ActiveCfg = Release|Any CPU
		{1F5F4686-E1D3-4AFA-89FE-4EDA19B290E7}.Release|Any CPU.Build.0 = Release|Any CPU
	EndGlobalSection
	GlobalSection(SolutionProperties) = preSolution
		HideSolutionNode = FALSE
	EndGlobalSection
	GlobalSection(ExtensibilityGlobals) = postSolution
		SolutionGuid = {7629DEC7-2364-4F65-A128-66606DA4BA6D}
	EndGlobalSection
EndGlobal
